
Microsoft Visual Studio Solution File, Format Version 12.00
# Visual Studio Version 16
VisualStudioVersion = 16.6.30114.105
MinimumVisualStudioVersion = 10.0.40219.1
Project("{2150E333-8FDC-42A3-9474-1A3956D46DE8}") = "modules", "modules", "{BF3075F2-FBED-4F00-91BB-B14A504A2306}"
EndProject
Project("{2150E333-8FDC-42A3-9474-1A3956D46DE8}") = "characters", "characters", "{58EFA718-ECCB-46A4-9440-1E9B3B364240}"
EndProject
Project("{6EC3EE1D-3C4E-46DD-8F32-0CC8E7565705}") = "dice", "modules\dice\dice.fsproj", "{FD720218-6AF2-43ED-AC7D-8061F49FFEAC}"
EndProject
Project("{6EC3EE1D-3C4E-46DD-8F32-0CC8E7565705}") = "dice.test", "modules\dice.test\dice.test.fsproj", "{28B867A3-05BA-41B6-95B0-978AA79BEF4F}"
EndProject
Project("{9A19103F-16F7-4668-BE54-9A1E7A4F7556}") = "Characters.View", "modules\characters\view\Characters.View.csproj", "{CB18FDF7-C97C-4B4B-905A-0EDE824AFE36}"
EndProject
Project("{6EC3EE1D-3C4E-46DD-8F32-0CC8E7565705}") = "Characters.Model", "modules\characters\model\Characters.Model.fsproj", "{DE529E87-C473-4C50-A436-F5732DACD090}"
EndProject
Project("{6EC3EE1D-3C4E-46DD-8F32-0CC8E7565705}") = "Characters.Test", "modules\characters\test\Characters.Test.fsproj", "{1724A548-58D1-4E60-B9C7-7AC2A8407B27}"
EndProject
Project("{9A19103F-16F7-4668-BE54-9A1E7A4F7556}") = "Dorc.Client", "client\Dorc.Client.csproj", "{C4952E66-D548-44B8-AC13-A7C3B8E0BECE}"
EndProject
Project("{9A19103F-16F7-4668-BE54-9A1E7A4F7556}") = "Base", "systems\Base\Base.csproj", "{A36E5CB8-A04A-4348-B559-06CDB25F7908}"
EndProject
Project("{2150E333-8FDC-42A3-9474-1A3956D46DE8}") = "roleplayingSystems", "roleplayingSystems", "{A6388BD9-C354-42ED-86F2-40E52B4E327B}"
EndProject
Project("{9A19103F-16F7-4668-BE54-9A1E7A4F7556}") = "Base.Test", "systems\Base.Test\Base.Test.csproj", "{442E4357-9F0A-4B83-89EF-674D9DBC7FD4}"
EndProject
Project("{9A19103F-16F7-4668-BE54-9A1E7A4F7556}") = "Shared", "shared\Shared.csproj", "{779E48B7-79DB-42D9-B397-F1DD3F4B6D27}"
EndProject
Project("{9A19103F-16F7-4668-BE54-9A1E7A4F7556}") = "Fate", "systems\Fate\Fate.csproj", "{465EADCB-CB68-4FBF-B2B2-6E5FAD814EE8}"
EndProject
Project("{9A19103F-16F7-4668-BE54-9A1E7A4F7556}") = "CoreWarrior", "systems\CoreWarrior\CoreWarrior.csproj", "{DED408AA-5558-4030-A59F-530F29671DC4}"
EndProject
Global
	GlobalSection(SolutionConfigurationPlatforms) = preSolution
		Debug|Any CPU = Debug|Any CPU
		Debug|x64 = Debug|x64
		Debug|x86 = Debug|x86
		Release|Any CPU = Release|Any CPU
		Release|x64 = Release|x64
		Release|x86 = Release|x86
	EndGlobalSection
	GlobalSection(ProjectConfigurationPlatforms) = postSolution
		{FD720218-6AF2-43ED-AC7D-8061F49FFEAC}.Debug|Any CPU.ActiveCfg = Debug|Any CPU
		{FD720218-6AF2-43ED-AC7D-8061F49FFEAC}.Debug|Any CPU.Build.0 = Debug|Any CPU
		{FD720218-6AF2-43ED-AC7D-8061F49FFEAC}.Debug|x64.ActiveCfg = Debug|Any CPU
		{FD720218-6AF2-43ED-AC7D-8061F49FFEAC}.Debug|x64.Build.0 = Debug|Any CPU
		{FD720218-6AF2-43ED-AC7D-8061F49FFEAC}.Debug|x86.ActiveCfg = Debug|Any CPU
		{FD720218-6AF2-43ED-AC7D-8061F49FFEAC}.Debug|x86.Build.0 = Debug|Any CPU
		{FD720218-6AF2-43ED-AC7D-8061F49FFEAC}.Release|Any CPU.ActiveCfg = Release|Any CPU
		{FD720218-6AF2-43ED-AC7D-8061F49FFEAC}.Release|Any CPU.Build.0 = Release|Any CPU
		{FD720218-6AF2-43ED-AC7D-8061F49FFEAC}.Release|x64.ActiveCfg = Release|Any CPU
		{FD720218-6AF2-43ED-AC7D-8061F49FFEAC}.Release|x64.Build.0 = Release|Any CPU
		{FD720218-6AF2-43ED-AC7D-8061F49FFEAC}.Release|x86.ActiveCfg = Release|Any CPU
		{FD720218-6AF2-43ED-AC7D-8061F49FFEAC}.Release|x86.Build.0 = Release|Any CPU
		{28B867A3-05BA-41B6-95B0-978AA79BEF4F}.Debug|Any CPU.ActiveCfg = Debug|Any CPU
		{28B867A3-05BA-41B6-95B0-978AA79BEF4F}.Debug|Any CPU.Build.0 = Debug|Any CPU
		{28B867A3-05BA-41B6-95B0-978AA79BEF4F}.Debug|x64.ActiveCfg = Debug|Any CPU
		{28B867A3-05BA-41B6-95B0-978AA79BEF4F}.Debug|x64.Build.0 = Debug|Any CPU
		{28B867A3-05BA-41B6-95B0-978AA79BEF4F}.Debug|x86.ActiveCfg = Debug|Any CPU
		{28B867A3-05BA-41B6-95B0-978AA79BEF4F}.Debug|x86.Build.0 = Debug|Any CPU
		{28B867A3-05BA-41B6-95B0-978AA79BEF4F}.Release|Any CPU.ActiveCfg = Release|Any CPU
		{28B867A3-05BA-41B6-95B0-978AA79BEF4F}.Release|Any CPU.Build.0 = Release|Any CPU
		{28B867A3-05BA-41B6-95B0-978AA79BEF4F}.Release|x64.ActiveCfg = Release|Any CPU
		{28B867A3-05BA-41B6-95B0-978AA79BEF4F}.Release|x64.Build.0 = Release|Any CPU
		{28B867A3-05BA-41B6-95B0-978AA79BEF4F}.Release|x86.ActiveCfg = Release|Any CPU
		{28B867A3-05BA-41B6-95B0-978AA79BEF4F}.Release|x86.Build.0 = Release|Any CPU
		{CB18FDF7-C97C-4B4B-905A-0EDE824AFE36}.Debug|Any CPU.ActiveCfg = Debug|Any CPU
		{CB18FDF7-C97C-4B4B-905A-0EDE824AFE36}.Debug|Any CPU.Build.0 = Debug|Any CPU
		{CB18FDF7-C97C-4B4B-905A-0EDE824AFE36}.Debug|x64.ActiveCfg = Debug|Any CPU
		{CB18FDF7-C97C-4B4B-905A-0EDE824AFE36}.Debug|x64.Build.0 = Debug|Any CPU
		{CB18FDF7-C97C-4B4B-905A-0EDE824AFE36}.Debug|x86.ActiveCfg = Debug|Any CPU
		{CB18FDF7-C97C-4B4B-905A-0EDE824AFE36}.Debug|x86.Build.0 = Debug|Any CPU
		{CB18FDF7-C97C-4B4B-905A-0EDE824AFE36}.Release|Any CPU.ActiveCfg = Release|Any CPU
		{CB18FDF7-C97C-4B4B-905A-0EDE824AFE36}.Release|Any CPU.Build.0 = Release|Any CPU
		{CB18FDF7-C97C-4B4B-905A-0EDE824AFE36}.Release|x64.ActiveCfg = Release|Any CPU
		{CB18FDF7-C97C-4B4B-905A-0EDE824AFE36}.Release|x64.Build.0 = Release|Any CPU
		{CB18FDF7-C97C-4B4B-905A-0EDE824AFE36}.Release|x86.ActiveCfg = Release|Any CPU
		{CB18FDF7-C97C-4B4B-905A-0EDE824AFE36}.Release|x86.Build.0 = Release|Any CPU
		{DE529E87-C473-4C50-A436-F5732DACD090}.Debug|Any CPU.ActiveCfg = Debug|Any CPU
		{DE529E87-C473-4C50-A436-F5732DACD090}.Debug|Any CPU.Build.0 = Debug|Any CPU
		{DE529E87-C473-4C50-A436-F5732DACD090}.Debug|x64.ActiveCfg = Debug|Any CPU
		{DE529E87-C473-4C50-A436-F5732DACD090}.Debug|x64.Build.0 = Debug|Any CPU
		{DE529E87-C473-4C50-A436-F5732DACD090}.Debug|x86.ActiveCfg = Debug|Any CPU
		{DE529E87-C473-4C50-A436-F5732DACD090}.Debug|x86.Build.0 = Debug|Any CPU
		{DE529E87-C473-4C50-A436-F5732DACD090}.Release|Any CPU.ActiveCfg = Release|Any CPU
		{DE529E87-C473-4C50-A436-F5732DACD090}.Release|Any CPU.Build.0 = Release|Any CPU
		{DE529E87-C473-4C50-A436-F5732DACD090}.Release|x64.ActiveCfg = Release|Any CPU
		{DE529E87-C473-4C50-A436-F5732DACD090}.Release|x64.Build.0 = Release|Any CPU
		{DE529E87-C473-4C50-A436-F5732DACD090}.Release|x86.ActiveCfg = Release|Any CPU
		{DE529E87-C473-4C50-A436-F5732DACD090}.Release|x86.Build.0 = Release|Any CPU
		{1724A548-58D1-4E60-B9C7-7AC2A8407B27}.Debug|Any CPU.ActiveCfg = Debug|Any CPU
		{1724A548-58D1-4E60-B9C7-7AC2A8407B27}.Debug|Any CPU.Build.0 = Debug|Any CPU
		{1724A548-58D1-4E60-B9C7-7AC2A8407B27}.Debug|x64.ActiveCfg = Debug|Any CPU
		{1724A548-58D1-4E60-B9C7-7AC2A8407B27}.Debug|x64.Build.0 = Debug|Any CPU
		{1724A548-58D1-4E60-B9C7-7AC2A8407B27}.Debug|x86.ActiveCfg = Debug|Any CPU
		{1724A548-58D1-4E60-B9C7-7AC2A8407B27}.Debug|x86.Build.0 = Debug|Any CPU
		{1724A548-58D1-4E60-B9C7-7AC2A8407B27}.Release|Any CPU.ActiveCfg = Release|Any CPU
		{1724A548-58D1-4E60-B9C7-7AC2A8407B27}.Release|Any CPU.Build.0 = Release|Any CPU
		{1724A548-58D1-4E60-B9C7-7AC2A8407B27}.Release|x64.ActiveCfg = Release|Any CPU
		{1724A548-58D1-4E60-B9C7-7AC2A8407B27}.Release|x64.Build.0 = Release|Any CPU
		{1724A548-58D1-4E60-B9C7-7AC2A8407B27}.Release|x86.ActiveCfg = Release|Any CPU
		{1724A548-58D1-4E60-B9C7-7AC2A8407B27}.Release|x86.Build.0 = Release|Any CPU
		{C4952E66-D548-44B8-AC13-A7C3B8E0BECE}.Debug|Any CPU.ActiveCfg = Debug|Any CPU
		{C4952E66-D548-44B8-AC13-A7C3B8E0BECE}.Debug|Any CPU.Build.0 = Debug|Any CPU
		{C4952E66-D548-44B8-AC13-A7C3B8E0BECE}.Debug|x64.ActiveCfg = Debug|Any CPU
		{C4952E66-D548-44B8-AC13-A7C3B8E0BECE}.Debug|x64.Build.0 = Debug|Any CPU
		{C4952E66-D548-44B8-AC13-A7C3B8E0BECE}.Debug|x86.ActiveCfg = Debug|Any CPU
		{C4952E66-D548-44B8-AC13-A7C3B8E0BECE}.Debug|x86.Build.0 = Debug|Any CPU
		{C4952E66-D548-44B8-AC13-A7C3B8E0BECE}.Release|Any CPU.ActiveCfg = Release|Any CPU
		{C4952E66-D548-44B8-AC13-A7C3B8E0BECE}.Release|Any CPU.Build.0 = Release|Any CPU
		{C4952E66-D548-44B8-AC13-A7C3B8E0BECE}.Release|x64.ActiveCfg = Release|Any CPU
		{C4952E66-D548-44B8-AC13-A7C3B8E0BECE}.Release|x64.Build.0 = Release|Any CPU
		{C4952E66-D548-44B8-AC13-A7C3B8E0BECE}.Release|x86.ActiveCfg = Release|Any CPU
		{C4952E66-D548-44B8-AC13-A7C3B8E0BECE}.Release|x86.Build.0 = Release|Any CPU
		{A36E5CB8-A04A-4348-B559-06CDB25F7908}.Debug|Any CPU.ActiveCfg = Debug|Any CPU
		{A36E5CB8-A04A-4348-B559-06CDB25F7908}.Debug|Any CPU.Build.0 = Debug|Any CPU
		{A36E5CB8-A04A-4348-B559-06CDB25F7908}.Debug|x64.ActiveCfg = Debug|Any CPU
		{A36E5CB8-A04A-4348-B559-06CDB25F7908}.Debug|x64.Build.0 = Debug|Any CPU
		{A36E5CB8-A04A-4348-B559-06CDB25F7908}.Debug|x86.ActiveCfg = Debug|Any CPU
		{A36E5CB8-A04A-4348-B559-06CDB25F7908}.Debug|x86.Build.0 = Debug|Any CPU
		{A36E5CB8-A04A-4348-B559-06CDB25F7908}.Release|Any CPU.ActiveCfg = Release|Any CPU
		{A36E5CB8-A04A-4348-B559-06CDB25F7908}.Release|Any CPU.Build.0 = Release|Any CPU
		{A36E5CB8-A04A-4348-B559-06CDB25F7908}.Release|x64.ActiveCfg = Release|Any CPU
		{A36E5CB8-A04A-4348-B559-06CDB25F7908}.Release|x64.Build.0 = Release|Any CPU
		{A36E5CB8-A04A-4348-B559-06CDB25F7908}.Release|x86.ActiveCfg = Release|Any CPU
		{A36E5CB8-A04A-4348-B559-06CDB25F7908}.Release|x86.Build.0 = Release|Any CPU
		{442E4357-9F0A-4B83-89EF-674D9DBC7FD4}.Debug|Any CPU.ActiveCfg = Debug|Any CPU
		{442E4357-9F0A-4B83-89EF-674D9DBC7FD4}.Debug|Any CPU.Build.0 = Debug|Any CPU
		{442E4357-9F0A-4B83-89EF-674D9DBC7FD4}.Debug|x64.ActiveCfg = Debug|Any CPU
		{442E4357-9F0A-4B83-89EF-674D9DBC7FD4}.Debug|x64.Build.0 = Debug|Any CPU
		{442E4357-9F0A-4B83-89EF-674D9DBC7FD4}.Debug|x86.ActiveCfg = Debug|Any CPU
		{442E4357-9F0A-4B83-89EF-674D9DBC7FD4}.Debug|x86.Build.0 = Debug|Any CPU
		{442E4357-9F0A-4B83-89EF-674D9DBC7FD4}.Release|Any CPU.ActiveCfg = Release|Any CPU
		{442E4357-9F0A-4B83-89EF-674D9DBC7FD4}.Release|Any CPU.Build.0 = Release|Any CPU
		{442E4357-9F0A-4B83-89EF-674D9DBC7FD4}.Release|x64.ActiveCfg = Release|Any CPU
		{442E4357-9F0A-4B83-89EF-674D9DBC7FD4}.Release|x64.Build.0 = Release|Any CPU
		{442E4357-9F0A-4B83-89EF-674D9DBC7FD4}.Release|x86.ActiveCfg = Release|Any CPU
		{442E4357-9F0A-4B83-89EF-674D9DBC7FD4}.Release|x86.Build.0 = Release|Any CPU
		{779E48B7-79DB-42D9-B397-F1DD3F4B6D27}.Debug|Any CPU.ActiveCfg = Debug|Any CPU
		{779E48B7-79DB-42D9-B397-F1DD3F4B6D27}.Debug|Any CPU.Build.0 = Debug|Any CPU
		{779E48B7-79DB-42D9-B397-F1DD3F4B6D27}.Debug|x64.ActiveCfg = Debug|Any CPU
		{779E48B7-79DB-42D9-B397-F1DD3F4B6D27}.Debug|x64.Build.0 = Debug|Any CPU
		{779E48B7-79DB-42D9-B397-F1DD3F4B6D27}.Debug|x86.ActiveCfg = Debug|Any CPU
		{779E48B7-79DB-42D9-B397-F1DD3F4B6D27}.Debug|x86.Build.0 = Debug|Any CPU
		{779E48B7-79DB-42D9-B397-F1DD3F4B6D27}.Release|Any CPU.ActiveCfg = Release|Any CPU
		{779E48B7-79DB-42D9-B397-F1DD3F4B6D27}.Release|Any CPU.Build.0 = Release|Any CPU
		{779E48B7-79DB-42D9-B397-F1DD3F4B6D27}.Release|x64.ActiveCfg = Release|Any CPU
		{779E48B7-79DB-42D9-B397-F1DD3F4B6D27}.Release|x64.Build.0 = Release|Any CPU
		{779E48B7-79DB-42D9-B397-F1DD3F4B6D27}.Release|x86.ActiveCfg = Release|Any CPU
		{779E48B7-79DB-42D9-B397-F1DD3F4B6D27}.Release|x86.Build.0 = Release|Any CPU
		{465EADCB-CB68-4FBF-B2B2-6E5FAD814EE8}.Debug|Any CPU.ActiveCfg = Debug|Any CPU
		{465EADCB-CB68-4FBF-B2B2-6E5FAD814EE8}.Debug|Any CPU.Build.0 = Debug|Any CPU
		{465EADCB-CB68-4FBF-B2B2-6E5FAD814EE8}.Debug|x64.ActiveCfg = Debug|Any CPU
		{465EADCB-CB68-4FBF-B2B2-6E5FAD814EE8}.Debug|x64.Build.0 = Debug|Any CPU
		{465EADCB-CB68-4FBF-B2B2-6E5FAD814EE8}.Debug|x86.ActiveCfg = Debug|Any CPU
		{465EADCB-CB68-4FBF-B2B2-6E5FAD814EE8}.Debug|x86.Build.0 = Debug|Any CPU
		{465EADCB-CB68-4FBF-B2B2-6E5FAD814EE8}.Release|Any CPU.ActiveCfg = Release|Any CPU
		{465EADCB-CB68-4FBF-B2B2-6E5FAD814EE8}.Release|Any CPU.Build.0 = Release|Any CPU
		{465EADCB-CB68-4FBF-B2B2-6E5FAD814EE8}.Release|x64.ActiveCfg = Release|Any CPU
		{465EADCB-CB68-4FBF-B2B2-6E5FAD814EE8}.Release|x64.Build.0 = Release|Any CPU
		{465EADCB-CB68-4FBF-B2B2-6E5FAD814EE8}.Release|x86.ActiveCfg = Release|Any CPU
		{465EADCB-CB68-4FBF-B2B2-6E5FAD814EE8}.Release|x86.Build.0 = Release|Any CPU
		{DED408AA-5558-4030-A59F-530F29671DC4}.Debug|Any CPU.ActiveCfg = Debug|Any CPU
		{DED408AA-5558-4030-A59F-530F29671DC4}.Debug|Any CPU.Build.0 = Debug|Any CPU
		{DED408AA-5558-4030-A59F-530F29671DC4}.Debug|x64.ActiveCfg = Debug|Any CPU
		{DED408AA-5558-4030-A59F-530F29671DC4}.Debug|x64.Build.0 = Debug|Any CPU
		{DED408AA-5558-4030-A59F-530F29671DC4}.Debug|x86.ActiveCfg = Debug|Any CPU
		{DED408AA-5558-4030-A59F-530F29671DC4}.Debug|x86.Build.0 = Debug|Any CPU
		{DED408AA-5558-4030-A59F-530F29671DC4}.Release|Any CPU.ActiveCfg = Release|Any CPU
		{DED408AA-5558-4030-A59F-530F29671DC4}.Release|Any CPU.Build.0 = Release|Any CPU
		{DED408AA-5558-4030-A59F-530F29671DC4}.Release|x64.ActiveCfg = Release|Any CPU
		{DED408AA-5558-4030-A59F-530F29671DC4}.Release|x64.Build.0 = Release|Any CPU
		{DED408AA-5558-4030-A59F-530F29671DC4}.Release|x86.ActiveCfg = Release|Any CPU
		{DED408AA-5558-4030-A59F-530F29671DC4}.Release|x86.Build.0 = Release|Any CPU
	EndGlobalSection
	GlobalSection(SolutionProperties) = preSolution
		HideSolutionNode = FALSE
	EndGlobalSection
	GlobalSection(NestedProjects) = preSolution
		{58EFA718-ECCB-46A4-9440-1E9B3B364240} = {BF3075F2-FBED-4F00-91BB-B14A504A2306}
		{FD720218-6AF2-43ED-AC7D-8061F49FFEAC} = {BF3075F2-FBED-4F00-91BB-B14A504A2306}
		{28B867A3-05BA-41B6-95B0-978AA79BEF4F} = {BF3075F2-FBED-4F00-91BB-B14A504A2306}
		{CB18FDF7-C97C-4B4B-905A-0EDE824AFE36} = {58EFA718-ECCB-46A4-9440-1E9B3B364240}
		{DE529E87-C473-4C50-A436-F5732DACD090} = {58EFA718-ECCB-46A4-9440-1E9B3B364240}
		{1724A548-58D1-4E60-B9C7-7AC2A8407B27} = {58EFA718-ECCB-46A4-9440-1E9B3B364240}
		{A36E5CB8-A04A-4348-B559-06CDB25F7908} = {A6388BD9-C354-42ED-86F2-40E52B4E327B}
		{442E4357-9F0A-4B83-89EF-674D9DBC7FD4} = {A6388BD9-C354-42ED-86F2-40E52B4E327B}
		{465EADCB-CB68-4FBF-B2B2-6E5FAD814EE8} = {A6388BD9-C354-42ED-86F2-40E52B4E327B}
		{DED408AA-5558-4030-A59F-530F29671DC4} = {A6388BD9-C354-42ED-86F2-40E52B4E327B}
	EndGlobalSection
	GlobalSection(ExtensibilityGlobals) = postSolution
		SolutionGuid = {20882D07-D460-4EB7-A872-1180DB81C7A0}
	EndGlobalSection
EndGlobal
